
Microsoft Visual Studio Solution File, Format Version 12.00
# Visual Studio Version 17
VisualStudioVersion = 17.10.34916.146
MinimumVisualStudioVersion = 10.0.40219.1
Project("{FAE04EC0-301F-11D3-BF4B-00C04F79EFBC}") = "bdo_kod", "bdo_kod.csproj", "{DF7BAD58-66C8-4E63-B9F9-221A299D4CEB}"
EndProject
Global
	GlobalSection(SolutionConfigurationPlatforms) = preSolution
		Debug|Any CPU = Debug|Any CPU
		Release|Any CPU = Release|Any CPU
	EndGlobalSection
	GlobalSection(ProjectConfigurationPlatforms) = postSolution
		{DF7BAD58-66C8-4E63-B9F9-221A299D4CEB}.Debug|Any CPU.ActiveCfg = Debug|Any CPU
		{DF7BAD58-66C8-4E63-B9F9-221A299D4CEB}.Debug|Any CPU.Build.0 = Debug|Any CPU
		{DF7BAD58-66C8-4E63-B9F9-221A299D4CEB}.Release|Any CPU.ActiveCfg = Release|Any CPU
		{DF7BAD58-66C8-4E63-B9F9-221A299D4CEB}.Release|Any CPU.Build.0 = Release|Any CPU
	EndGlobalSection
	GlobalSection(SolutionProperties) = preSolution
		HideSolutionNode = FALSE
	EndGlobalSection
	GlobalSection(ExtensibilityGlobals) = postSolution
		SolutionGuid = {F541EED0-52DE-4B0C-80FC-CA4939468515}
	EndGlobalSection
EndGlobal
